
Microsoft Visual Studio Solution File, Format Version 12.00
# Visual Studio 14
VisualStudioVersion = 14.0.25420.1
MinimumVisualStudioVersion = 10.0.40219.1
Project("{FAE04EC0-301F-11D3-BF4B-00C04F79EFBC}") = "DJPad.Resources", "Resources\DJPad.Resources.csproj", "{77AFD80D-42A7-4935-B2BF-6451CDA1336A}"
EndProject
Project("{FAE04EC0-301F-11D3-BF4B-00C04F79EFBC}") = "DJPad.Interfaces", "DJPad.Interfaces\DJPad.Interfaces.csproj", "{5BAD4CD8-4010-4056-AB5A-956C7D296578}"
EndProject
Project("{FAE04EC0-301F-11D3-BF4B-00C04F79EFBC}") = "DJPad.Core", "DJPad.Core\DJPad.Core.csproj", "{078BA54C-6B70-448A-A539-FED0ADF7F81D}"
EndProject
Project("{FAE04EC0-301F-11D3-BF4B-00C04F79EFBC}") = "Mp3Sharp", "External.mp3sharp\mp3sharp\Mp3Sharp.csproj", "{834CAB58-648D-47CC-AC6F-D01C08C809A4}"
EndProject
Project("{FAE04EC0-301F-11D3-BF4B-00C04F79EFBC}") = "DJPad.Tests", "DJPad.Tests\DJPad.Tests.csproj", "{CD92337B-155C-4E73-B60F-0DCF82134D7A}"
EndProject
Project("{FAE04EC0-301F-11D3-BF4B-00C04F79EFBC}") = "Player.Avalonia", "Player.Avalonia\Player.Avalonia.csproj", "{B99D05E8-1F60-4456-A1AF-FE4C237530EA}"
EndProject
Global
	GlobalSection(SolutionConfigurationPlatforms) = preSolution
		Debug|Any CPU = Debug|Any CPU
		Debug|Mixed Platforms = Debug|Mixed Platforms
		Debug|x86 = Debug|x86
		Debug|x64 = Debug|x64
		Release|Any CPU = Release|Any CPU
		Release|Mixed Platforms = Release|Mixed Platforms
		Release|x86 = Release|x86
		Release|x64 = Release|x64
	EndGlobalSection
	GlobalSection(ProjectConfigurationPlatforms) = postSolution
		{77AFD80D-42A7-4935-B2BF-6451CDA1336A}.Debug|Any CPU.ActiveCfg = Debug|Any CPU
		{77AFD80D-42A7-4935-B2BF-6451CDA1336A}.Debug|Any CPU.Build.0 = Debug|Any CPU
		{77AFD80D-42A7-4935-B2BF-6451CDA1336A}.Debug|Mixed Platforms.ActiveCfg = Debug|Any CPU
		{77AFD80D-42A7-4935-B2BF-6451CDA1336A}.Debug|Mixed Platforms.Build.0 = Debug|Any CPU
		{77AFD80D-42A7-4935-B2BF-6451CDA1336A}.Debug|x86.ActiveCfg = Debug|Any CPU
		{77AFD80D-42A7-4935-B2BF-6451CDA1336A}.Debug|x86.Build.0 = Debug|Any CPU
		{77AFD80D-42A7-4935-B2BF-6451CDA1336A}.Debug|x64.ActiveCfg = Debug|Any CPU
		{77AFD80D-42A7-4935-B2BF-6451CDA1336A}.Debug|x64.Build.0 = Debug|Any CPU
		{77AFD80D-42A7-4935-B2BF-6451CDA1336A}.Release|Any CPU.ActiveCfg = Release|Any CPU
		{77AFD80D-42A7-4935-B2BF-6451CDA1336A}.Release|Any CPU.Build.0 = Release|Any CPU
		{77AFD80D-42A7-4935-B2BF-6451CDA1336A}.Release|Mixed Platforms.ActiveCfg = Release|Any CPU
		{77AFD80D-42A7-4935-B2BF-6451CDA1336A}.Release|Mixed Platforms.Build.0 = Release|Any CPU
		{77AFD80D-42A7-4935-B2BF-6451CDA1336A}.Release|x86.ActiveCfg = Release|Any CPU
		{77AFD80D-42A7-4935-B2BF-6451CDA1336A}.Release|x86.Build.0 = Release|Any CPU
		{77AFD80D-42A7-4935-B2BF-6451CDA1336A}.Release|x64.ActiveCfg = Release|Any CPU
		{77AFD80D-42A7-4935-B2BF-6451CDA1336A}.Release|x64.Build.0 = Release|Any CPU
		{5BAD4CD8-4010-4056-AB5A-956C7D296578}.Debug|Any CPU.ActiveCfg = Debug|Any CPU
		{5BAD4CD8-4010-4056-AB5A-956C7D296578}.Debug|Any CPU.Build.0 = Debug|Any CPU
		{5BAD4CD8-4010-4056-AB5A-956C7D296578}.Debug|Mixed Platforms.ActiveCfg = Debug|Any CPU
		{5BAD4CD8-4010-4056-AB5A-956C7D296578}.Debug|Mixed Platforms.Build.0 = Debug|Any CPU
		{5BAD4CD8-4010-4056-AB5A-956C7D296578}.Debug|x86.ActiveCfg = Debug|Any CPU
		{5BAD4CD8-4010-4056-AB5A-956C7D296578}.Debug|x86.Build.0 = Debug|Any CPU
		{5BAD4CD8-4010-4056-AB5A-956C7D296578}.Debug|x64.ActiveCfg = Debug|Any CPU
		{5BAD4CD8-4010-4056-AB5A-956C7D296578}.Debug|x64.Build.0 = Debug|Any CPU
		{5BAD4CD8-4010-4056-AB5A-956C7D296578}.Release|Any CPU.ActiveCfg = Release|Any CPU
		{5BAD4CD8-4010-4056-AB5A-956C7D296578}.Release|Any CPU.Build.0 = Release|Any CPU
		{5BAD4CD8-4010-4056-AB5A-956C7D296578}.Release|Mixed Platforms.ActiveCfg = Release|Any CPU
		{5BAD4CD8-4010-4056-AB5A-956C7D296578}.Release|Mixed Platforms.Build.0 = Release|Any CPU
		{5BAD4CD8-4010-4056-AB5A-956C7D296578}.Release|x86.ActiveCfg = Release|Any CPU
		{5BAD4CD8-4010-4056-AB5A-956C7D296578}.Release|x86.Build.0 = Release|Any CPU
		{5BAD4CD8-4010-4056-AB5A-956C7D296578}.Release|x64.ActiveCfg = Release|Any CPU
		{5BAD4CD8-4010-4056-AB5A-956C7D296578}.Release|x64.Build.0 = Release|Any CPU
		{078BA54C-6B70-448A-A539-FED0ADF7F81D}.Debug|Any CPU.ActiveCfg = Debug|Any CPU
		{078BA54C-6B70-448A-A539-FED0ADF7F81D}.Debug|Any CPU.Build.0 = Debug|Any CPU
		{078BA54C-6B70-448A-A539-FED0ADF7F81D}.Debug|Mixed Platforms.ActiveCfg = Debug|x86
		{078BA54C-6B70-448A-A539-FED0ADF7F81D}.Debug|Mixed Platforms.Build.0 = Debug|x86
		{078BA54C-6B70-448A-A539-FED0ADF7F81D}.Debug|x86.ActiveCfg = Debug|x86
		{078BA54C-6B70-448A-A539-FED0ADF7F81D}.Debug|x86.Build.0 = Debug|x86
		{078BA54C-6B70-448A-A539-FED0ADF7F81D}.Debug|x64.ActiveCfg = Debug|Any CPU
		{078BA54C-6B70-448A-A539-FED0ADF7F81D}.Debug|x64.Build.0 = Debug|Any CPU
		{078BA54C-6B70-448A-A539-FED0ADF7F81D}.Release|Any CPU.ActiveCfg = Release|Any CPU
		{078BA54C-6B70-448A-A539-FED0ADF7F81D}.Release|Any CPU.Build.0 = Release|Any CPU
		{078BA54C-6B70-448A-A539-FED0ADF7F81D}.Release|Mixed Platforms.ActiveCfg = Release|x86
		{078BA54C-6B70-448A-A539-FED0ADF7F81D}.Release|Mixed Platforms.Build.0 = Release|x86
		{078BA54C-6B70-448A-A539-FED0ADF7F81D}.Release|x86.ActiveCfg = Release|x86
		{078BA54C-6B70-448A-A539-FED0ADF7F81D}.Release|x86.Build.0 = Release|x86
		{078BA54C-6B70-448A-A539-FED0ADF7F81D}.Release|x64.ActiveCfg = Release|Any CPU
		{078BA54C-6B70-448A-A539-FED0ADF7F81D}.Release|x64.Build.0 = Release|Any CPU
		{834CAB58-648D-47CC-AC6F-D01C08C809A4}.Debug|Any CPU.ActiveCfg = Debug|Any CPU
		{834CAB58-648D-47CC-AC6F-D01C08C809A4}.Debug|Any CPU.Build.0 = Debug|Any CPU
		{834CAB58-648D-47CC-AC6F-D01C08C809A4}.Debug|Mixed Platforms.ActiveCfg = Debug|x86
		{834CAB58-648D-47CC-AC6F-D01C08C809A4}.Debug|Mixed Platforms.Build.0 = Debug|x86
		{834CAB58-648D-47CC-AC6F-D01C08C809A4}.Debug|x86.ActiveCfg = Debug|x86
		{834CAB58-648D-47CC-AC6F-D01C08C809A4}.Debug|x86.Build.0 = Debug|x86
		{834CAB58-648D-47CC-AC6F-D01C08C809A4}.Debug|x64.ActiveCfg = Debug|Any CPU
		{834CAB58-648D-47CC-AC6F-D01C08C809A4}.Debug|x64.Build.0 = Debug|Any CPU
		{834CAB58-648D-47CC-AC6F-D01C08C809A4}.Release|Any CPU.ActiveCfg = Release|Any CPU
		{834CAB58-648D-47CC-AC6F-D01C08C809A4}.Release|Any CPU.Build.0 = Release|Any CPU
		{834CAB58-648D-47CC-AC6F-D01C08C809A4}.Release|Mixed Platforms.ActiveCfg = Release|x86
		{834CAB58-648D-47CC-AC6F-D01C08C809A4}.Release|Mixed Platforms.Build.0 = Release|x86
		{834CAB58-648D-47CC-AC6F-D01C08C809A4}.Release|x86.ActiveCfg = Release|x86
		{834CAB58-648D-47CC-AC6F-D01C08C809A4}.Release|x86.Build.0 = Release|x86
		{834CAB58-648D-47CC-AC6F-D01C08C809A4}.Release|x64.ActiveCfg = Release|Any CPU
		{834CAB58-648D-47CC-AC6F-D01C08C809A4}.Release|x64.Build.0 = Release|Any CPU
		{CD92337B-155C-4E73-B60F-0DCF82134D7A}.Debug|Any CPU.ActiveCfg = Debug|Any CPU
		{CD92337B-155C-4E73-B60F-0DCF82134D7A}.Debug|Any CPU.Build.0 = Debug|Any CPU
		{CD92337B-155C-4E73-B60F-0DCF82134D7A}.Debug|Mixed Platforms.ActiveCfg = Debug|Any CPU
		{CD92337B-155C-4E73-B60F-0DCF82134D7A}.Debug|Mixed Platforms.Build.0 = Debug|Any CPU
		{CD92337B-155C-4E73-B60F-0DCF82134D7A}.Debug|x86.ActiveCfg = Debug|Any CPU
		{CD92337B-155C-4E73-B60F-0DCF82134D7A}.Debug|x86.Build.0 = Debug|Any CPU
		{CD92337B-155C-4E73-B60F-0DCF82134D7A}.Debug|x64.ActiveCfg = Debug|Any CPU
		{CD92337B-155C-4E73-B60F-0DCF82134D7A}.Debug|x64.Build.0 = Debug|Any CPU
		{CD92337B-155C-4E73-B60F-0DCF82134D7A}.Release|Any CPU.ActiveCfg = Release|Any CPU
		{CD92337B-155C-4E73-B60F-0DCF82134D7A}.Release|Any CPU.Build.0 = Release|Any CPU
		{CD92337B-155C-4E73-B60F-0DCF82134D7A}.Release|Mixed Platforms.ActiveCfg = Release|Any CPU
		{CD92337B-155C-4E73-B60F-0DCF82134D7A}.Release|Mixed Platforms.Build.0 = Release|Any CPU
		{CD92337B-155C-4E73-B60F-0DCF82134D7A}.Release|x86.ActiveCfg = Release|Any CPU
		{CD92337B-155C-4E73-B60F-0DCF82134D7A}.Release|x86.Build.0 = Release|Any CPU
		{CD92337B-155C-4E73-B60F-0DCF82134D7A}.Release|x64.ActiveCfg = Release|Any CPU
		{CD92337B-155C-4E73-B60F-0DCF82134D7A}.Release|x64.Build.0 = Release|Any CPU
		{B99D05E8-1F60-4456-A1AF-FE4C237530EA}.Debug|Any CPU.ActiveCfg = Debug|Any CPU
		{B99D05E8-1F60-4456-A1AF-FE4C237530EA}.Debug|Any CPU.Build.0 = Debug|Any CPU
		{B99D05E8-1F60-4456-A1AF-FE4C237530EA}.Debug|Mixed Platforms.ActiveCfg = Debug|Any CPU
		{B99D05E8-1F60-4456-A1AF-FE4C237530EA}.Debug|Mixed Platforms.Build.0 = Debug|Any CPU
		{B99D05E8-1F60-4456-A1AF-FE4C237530EA}.Debug|x86.ActiveCfg = Debug|Any CPU
		{B99D05E8-1F60-4456-A1AF-FE4C237530EA}.Debug|x86.Build.0 = Debug|Any CPU
		{B99D05E8-1F60-4456-A1AF-FE4C237530EA}.Debug|x64.ActiveCfg = Debug|Any CPU
		{B99D05E8-1F60-4456-A1AF-FE4C237530EA}.Debug|x64.Build.0 = Debug|Any CPU
		{B99D05E8-1F60-4456-A1AF-FE4C237530EA}.Release|Any CPU.ActiveCfg = Release|Any CPU
		{B99D05E8-1F60-4456-A1AF-FE4C237530EA}.Release|Any CPU.Build.0 = Release|Any CPU
		{B99D05E8-1F60-4456-A1AF-FE4C237530EA}.Release|Mixed Platforms.ActiveCfg = Release|Any CPU
		{B99D05E8-1F60-4456-A1AF-FE4C237530EA}.Release|Mixed Platforms.Build.0 = Release|Any CPU
		{B99D05E8-1F60-4456-A1AF-FE4C237530EA}.Release|x86.ActiveCfg = Release|Any CPU
		{B99D05E8-1F60-4456-A1AF-FE4C237530EA}.Release|x86.Build.0 = Release|Any CPU
		{B99D05E8-1F60-4456-A1AF-FE4C237530EA}.Release|x64.ActiveCfg = Release|Any CPU
		{B99D05E8-1F60-4456-A1AF-FE4C237530EA}.Release|x64.Build.0 = Release|Any CPU
	EndGlobalSection
	GlobalSection(SolutionProperties) = preSolution
		HideSolutionNode = FALSE
	EndGlobalSection
	GlobalSection(Performance) = preSolution
		HasPerformanceSessions = true
	EndGlobalSection
EndGlobal
